// !$*UTF8*$!
{
	archiveVersion = 1;
	classes = {
	};
	objectVersion = 77;
	objects = {

/* Begin PBXBuildFile section */
		4918AAE02E9F112F006E7D2E /* CameraControlView.swift in Sources */ = {isa = PBXBuildFile; fileRef = 4918AADF2E9F1122006E7D2E /* CameraControlView.swift */; };
		498AC2D22D65886600DC3DFE /* Floats.swift in Sources */ = {isa = PBXBuildFile; fileRef = 498AC2D02D65886600DC3DFE /* Floats.swift */; };
		49C227E42D65BEBB009A4C19 /* LightBulbControlView.swift in Sources */ = {isa = PBXBuildFile; fileRef = 49C227E32D65BEBB009A4C19 /* LightBulbControlView.swift */; };
		49C228542D67FAAA009A4C19 /* TemperatureSensorControlView.swift in Sources */ = {isa = PBXBuildFile; fileRef = 49C228532D67FAAA009A4C19 /* TemperatureSensorControlView.swift */; };
		49EF94B72D5457C4005D6FC8 /* RealityKitContent in Frameworks */ = {isa = PBXBuildFile; productRef = 49EF94B62D5457C4005D6FC8 /* RealityKitContent */; };
		49EF94FB2D545B76005D6FC8 /* AppModel.swift in Sources */ = {isa = PBXBuildFile; fileRef = 49EF94F32D545B76005D6FC8 /* AppModel.swift */; };
		49EF94FF2D545B76005D6FC8 /* VisionGlowApp.swift in Sources */ = {isa = PBXBuildFile; fileRef = 49EF94F92D545B76005D6FC8 /* VisionGlowApp.swift */; };
		49EF95002D545B76005D6FC8 /* Preview Assets.xcassets in Resources */ = {isa = PBXBuildFile; fileRef = 49EF94F12D545B76005D6FC8 /* Preview Assets.xcassets */; };
		49EF95012D545B76005D6FC8 /* Assets.xcassets in Resources */ = {isa = PBXBuildFile; fileRef = 49EF94F42D545B76005D6FC8 /* Assets.xcassets */; };
		49EF95052D5469A9005D6FC8 /* HomeStore.swift in Sources */ = {isa = PBXBuildFile; fileRef = 49EF95042D5469A5005D6FC8 /* HomeStore.swift */; };
		49EF95152D547387005D6FC8 /* ContentView.swift in Sources */ = {isa = PBXBuildFile; fileRef = 49EF950F2D547387005D6FC8 /* ContentView.swift */; };
		49EF95162D547387005D6FC8 /* ImmersiveView.swift in Sources */ = {isa = PBXBuildFile; fileRef = 49EF95102D547387005D6FC8 /* ImmersiveView.swift */; };
/* End PBXBuildFile section */

/* Begin PBXFileReference section */
		4918AADF2E9F1122006E7D2E /* CameraControlView.swift */ = {isa = PBXFileReference; lastKnownFileType = sourcecode.swift; path = CameraControlView.swift; sourceTree = "<group>"; };
		498AC2D02D65886600DC3DFE /* Floats.swift */ = {isa = PBXFileReference; lastKnownFileType = sourcecode.swift; path = Floats.swift; sourceTree = "<group>"; };
		49C227E32D65BEBB009A4C19 /* LightBulbControlView.swift */ = {isa = PBXFileReference; lastKnownFileType = sourcecode.swift; path = LightBulbControlView.swift; sourceTree = "<group>"; };
		49C228532D67FAAA009A4C19 /* TemperatureSensorControlView.swift */ = {isa = PBXFileReference; lastKnownFileType = sourcecode.swift; path = TemperatureSensorControlView.swift; sourceTree = "<group>"; };
		49EF94B12D5457C4005D6FC8 /* VisionGlow.app */ = {isa = PBXFileReference; explicitFileType = wrapper.application; includeInIndex = 0; path = VisionGlow.app; sourceTree = BUILT_PRODUCTS_DIR; };
		49EF94B52D5457C4005D6FC8 /* RealityKitContent */ = {isa = PBXFileReference; lastKnownFileType = wrapper; path = RealityKitContent; sourceTree = "<group>"; };
		49EF94F12D545B76005D6FC8 /* Preview Assets.xcassets */ = {isa = PBXFileReference; lastKnownFileType = folder.assetcatalog; path = "Preview Assets.xcassets"; sourceTree = "<group>"; };
		49EF94F32D545B76005D6FC8 /* AppModel.swift */ = {isa = PBXFileReference; lastKnownFileType = sourcecode.swift; path = AppModel.swift; sourceTree = "<group>"; };
		49EF94F42D545B76005D6FC8 /* Assets.xcassets */ = {isa = PBXFileReference; lastKnownFileType = folder.assetcatalog; path = Assets.xcassets; sourceTree = "<group>"; };
		49EF94F72D545B76005D6FC8 /* Info.plist */ = {isa = PBXFileReference; lastKnownFileType = text.plist.xml; path = Info.plist; sourceTree = "<group>"; };
		49EF94F92D545B76005D6FC8 /* VisionGlowApp.swift */ = {isa = PBXFileReference; lastKnownFileType = sourcecode.swift; path = VisionGlowApp.swift; sourceTree = "<group>"; };
		49EF95032D545D40005D6FC8 /* VisionGlow.entitlements */ = {isa = PBXFileReference; lastKnownFileType = text.plist.entitlements; path = VisionGlow.entitlements; sourceTree = "<group>"; };
		49EF95042D5469A5005D6FC8 /* HomeStore.swift */ = {isa = PBXFileReference; lastKnownFileType = sourcecode.swift; path = HomeStore.swift; sourceTree = "<group>"; };
		49EF950F2D547387005D6FC8 /* ContentView.swift */ = {isa = PBXFileReference; lastKnownFileType = sourcecode.swift; path = ContentView.swift; sourceTree = "<group>"; };
		49EF95102D547387005D6FC8 /* ImmersiveView.swift */ = {isa = PBXFileReference; lastKnownFileType = sourcecode.swift; path = ImmersiveView.swift; sourceTree = "<group>"; };
/* End PBXFileReference section */

/* Begin PBXFrameworksBuildPhase section */
		49EF94AE2D5457C4005D6FC8 /* Frameworks */ = {
			isa = PBXFrameworksBuildPhase;
			buildActionMask = 2147483647;
			files = (
				49EF94B72D5457C4005D6FC8 /* RealityKitContent in Frameworks */,
			);
			runOnlyForDeploymentPostprocessing = 0;
		};
/* End PBXFrameworksBuildPhase section */

/* Begin PBXGroup section */
		498AC2D12D65886600DC3DFE /* Extensions */ = {
			isa = PBXGroup;
			children = (
				498AC2D02D65886600DC3DFE /* Floats.swift */,
			);
			path = Extensions;
			sourceTree = "<group>";
		};
		49EF94A82D5457C4005D6FC8 = {
			isa = PBXGroup;
			children = (
				49EF94FA2D545B76005D6FC8 /* VisionGlow */,
				49EF94B42D5457C4005D6FC8 /* Packages */,
				49EF94B22D5457C4005D6FC8 /* Products */,
			);
			sourceTree = "<group>";
		};
		49EF94B22D5457C4005D6FC8 /* Products */ = {
			isa = PBXGroup;
			children = (
				49EF94B12D5457C4005D6FC8 /* VisionGlow.app */,
			);
			name = Products;
			sourceTree = "<group>";
		};
		49EF94B42D5457C4005D6FC8 /* Packages */ = {
			isa = PBXGroup;
			children = (
				49EF94B52D5457C4005D6FC8 /* RealityKitContent */,
			);
			path = Packages;
			sourceTree = "<group>";
		};
		49EF94F22D545B76005D6FC8 /* Preview Content */ = {
			isa = PBXGroup;
			children = (
				49EF94F12D545B76005D6FC8 /* Preview Assets.xcassets */,
			);
			path = "Preview Content";
			sourceTree = "<group>";
		};
		49EF94FA2D545B76005D6FC8 /* VisionGlow */ = {
			isa = PBXGroup;
			children = (
				49EF95032D545D40005D6FC8 /* VisionGlow.entitlements */,
				49EF94F22D545B76005D6FC8 /* Preview Content */,
				49EF94F92D545B76005D6FC8 /* VisionGlowApp.swift */,
				49EF94F32D545B76005D6FC8 /* AppModel.swift */,
				49EF95042D5469A5005D6FC8 /* HomeStore.swift */,
				49EF95122D547387005D6FC8 /* View */,
				498AC2D12D65886600DC3DFE /* Extensions */,
				49EF94F42D545B76005D6FC8 /* Assets.xcassets */,
				49EF94F72D545B76005D6FC8 /* Info.plist */,
			);
			path = VisionGlow;
			sourceTree = "<group>";
		};
		49EF95122D547387005D6FC8 /* View */ = {
			isa = PBXGroup;
			children = (
				49EF950F2D547387005D6FC8 /* ContentView.swift */,
				49EF95102D547387005D6FC8 /* ImmersiveView.swift */,
				49C227E32D65BEBB009A4C19 /* LightBulbControlView.swift */,
				49C228532D67FAAA009A4C19 /* TemperatureSensorControlView.swift */,
				4918AADF2E9F1122006E7D2E /* CameraControlView.swift */,
			);
			path = View;
			sourceTree = "<group>";
		};
/* End PBXGroup section */

/* Begin PBXNativeTarget section */
		49EF94B02D5457C4005D6FC8 /* VisionGlow */ = {
			isa = PBXNativeTarget;
			buildConfigurationList = 49EF94C92D5457C5005D6FC8 /* Build configuration list for PBXNativeTarget "VisionGlow" */;
			buildPhases = (
				49EF94AD2D5457C4005D6FC8 /* Sources */,
				49EF94AE2D5457C4005D6FC8 /* Frameworks */,
				49EF94AF2D5457C4005D6FC8 /* Resources */,
			);
			buildRules = (
			);
			dependencies = (
			);
			name = VisionGlow;
			packageProductDependencies = (
				49EF94B62D5457C4005D6FC8 /* RealityKitContent */,
			);
			productName = VisionGlow;
			productReference = 49EF94B12D5457C4005D6FC8 /* VisionGlow.app */;
			productType = "com.apple.product-type.application";
		};
/* End PBXNativeTarget section */

/* Begin PBXProject section */
		49EF94A92D5457C4005D6FC8 /* Project object */ = {
			isa = PBXProject;
			attributes = {
				BuildIndependentTargetsInParallel = 1;
				LastSwiftUpdateCheck = 1620;
				LastUpgradeCheck = 1620;
				TargetAttributes = {
					49EF94B02D5457C4005D6FC8 = {
						CreatedOnToolsVersion = 16.2;
					};
				};
			};
			buildConfigurationList = 49EF94AC2D5457C4005D6FC8 /* Build configuration list for PBXProject "VisionGlow" */;
			developmentRegion = en;
			hasScannedForEncodings = 0;
			knownRegions = (
				en,
				Base,
			);
			mainGroup = 49EF94A82D5457C4005D6FC8;
			minimizedProjectReferenceProxies = 1;
			preferredProjectObjectVersion = 77;
			productRefGroup = 49EF94B22D5457C4005D6FC8 /* Products */;
			projectDirPath = "";
			projectRoot = "";
			targets = (
				49EF94B02D5457C4005D6FC8 /* VisionGlow */,
			);
		};
/* End PBXProject section */

/* Begin PBXResourcesBuildPhase section */
		49EF94AF2D5457C4005D6FC8 /* Resources */ = {
			isa = PBXResourcesBuildPhase;
			buildActionMask = 2147483647;
			files = (
				49EF95002D545B76005D6FC8 /* Preview Assets.xcassets in Resources */,
				49EF95012D545B76005D6FC8 /* Assets.xcassets in Resources */,
			);
			runOnlyForDeploymentPostprocessing = 0;
		};
/* End PBXResourcesBuildPhase section */

/* Begin PBXSourcesBuildPhase section */
		49EF94AD2D5457C4005D6FC8 /* Sources */ = {
			isa = PBXSourcesBuildPhase;
			buildActionMask = 2147483647;
			files = (
				49EF95152D547387005D6FC8 /* ContentView.swift in Sources */,
				49EF95162D547387005D6FC8 /* ImmersiveView.swift in Sources */,
				498AC2D22D65886600DC3DFE /* Floats.swift in Sources */,
				49EF94FB2D545B76005D6FC8 /* AppModel.swift in Sources */,
				49EF95052D5469A9005D6FC8 /* HomeStore.swift in Sources */,
				49C228542D67FAAA009A4C19 /* TemperatureSensorControlView.swift in Sources */,
				49C227E42D65BEBB009A4C19 /* LightBulbControlView.swift in Sources */,
				49EF94FF2D545B76005D6FC8 /* VisionGlowApp.swift in Sources */,
				4918AAE02E9F112F006E7D2E /* CameraControlView.swift in Sources */,
			);
			runOnlyForDeploymentPostprocessing = 0;
		};
/* End PBXSourcesBuildPhase section */

/* Begin XCBuildConfiguration section */
		49EF94CA2D5457C5005D6FC8 /* Debug */ = {
			isa = XCBuildConfiguration;
			buildSettings = {
				ASSETCATALOG_COMPILER_APPICON_NAME = AppIcon;
				ASSETCATALOG_COMPILER_GLOBAL_ACCENT_COLOR_NAME = AccentColor;
				CODE_SIGN_ENTITLEMENTS = VisionGlow/VisionGlow.entitlements;
				CODE_SIGN_STYLE = Automatic;
				CURRENT_PROJECT_VERSION = 1;
				DEVELOPMENT_ASSET_PATHS = "\"VisionGlow/Preview Content\"";
				DEVELOPMENT_TEAM = 52N826U726;
				ENABLE_PREVIEWS = YES;
				GENERATE_INFOPLIST_FILE = YES;
				INFOPLIST_FILE = "$(TARGET_NAME)/Info.plist";
				INFOPLIST_KEY_NSHomeKitUsageDescription = "Configure HomeKit accessories";
				LD_RUNPATH_SEARCH_PATHS = (
					"$(inherited)",
					"@executable_path/Frameworks",
				);
				MARKETING_VERSION = 1.0;
				PRODUCT_BUNDLE_IDENTIFIER = com.example.VisionGlow;
				PRODUCT_NAME = "$(TARGET_NAME)";
				SUPPORTED_PLATFORMS = "xros xrsimulator";
				SWIFT_EMIT_LOC_STRINGS = YES;
				SWIFT_VERSION = 5.0;
				TARGETED_DEVICE_FAMILY = 7;
			};
			name = Debug;
		};
		49EF94CB2D5457C5005D6FC8 /* Release */ = {
			isa = XCBuildConfiguration;
			buildSettings = {
				ASSETCATALOG_COMPILER_APPICON_NAME = AppIcon;
				ASSETCATALOG_COMPILER_GLOBAL_ACCENT_COLOR_NAME = AccentColor;
				CODE_SIGN_ENTITLEMENTS = VisionGlow/VisionGlow.entitlements;
				CODE_SIGN_STYLE = Automatic;
				CURRENT_PROJECT_VERSION = 1;
				DEVELOPMENT_ASSET_PATHS = "\"VisionGlow/Preview Content\"";
				DEVELOPMENT_TEAM = 52N826U726;
				ENABLE_PREVIEWS = YES;
				GENERATE_INFOPLIST_FILE = YES;
				INFOPLIST_FILE = "$(TARGET_NAME)/Info.plist";
				INFOPLIST_KEY_NSHomeKitUsageDescription = "Configure HomeKit accessories";
				LD_RUNPATH_SEARCH_PATHS = (
					"$(inherited)",
					"@executable_path/Frameworks",
				);
				MARKETING_VERSION = 1.0;
				PRODUCT_BUNDLE_IDENTIFIER = com.example.VisionGlow;
				PRODUCT_NAME = "$(TARGET_NAME)";
				SUPPORTED_PLATFORMS = "xros xrsimulator";
				SWIFT_EMIT_LOC_STRINGS = YES;
				SWIFT_VERSION = 5.0;
				TARGETED_DEVICE_FAMILY = 7;
			};
			name = Release;
		};
		49EF94CC2D5457C5005D6FC8 /* Debug */ = {
			isa = XCBuildConfiguration;
			buildSettings = {
				ALWAYS_SEARCH_USER_PATHS = NO;
				ASSETCATALOG_COMPILER_GENERATE_SWIFT_ASSET_SYMBOL_EXTENSIONS = YES;
				CLANG_ANALYZER_NONNULL = YES;
				CLANG_ANALYZER_NUMBER_OBJECT_CONVERSION = YES_AGGRESSIVE;
				CLANG_CXX_LANGUAGE_STANDARD = "gnu++20";
				CLANG_ENABLE_MODULES = YES;
				CLANG_ENABLE_OBJC_ARC = YES;
				CLANG_ENABLE_OBJC_WEAK = YES;
				CLANG_WARN_BLOCK_CAPTURE_AUTORELEASING = YES;
				CLANG_WARN_BOOL_CONVERSION = YES;
				CLANG_WARN_COMMA = YES;
				CLANG_WARN_CONSTANT_CONVERSION = YES;
				CLANG_WARN_DEPRECATED_OBJC_IMPLEMENTATIONS = YES;
				CLANG_WARN_DIRECT_OBJC_ISA_USAGE = YES_ERROR;
				CLANG_WARN_DOCUMENTATION_COMMENTS = YES;
				CLANG_WARN_EMPTY_BODY = YES;
				CLANG_WARN_ENUM_CONVERSION = YES;
				CLANG_WARN_INFINITE_RECURSION = YES;
				CLANG_WARN_INT_CONVERSION = YES;
				CLANG_WARN_NON_LITERAL_NULL_CONVERSION = YES;
				CLANG_WARN_OBJC_IMPLICIT_RETAIN_SELF = YES;
				CLANG_WARN_OBJC_LITERAL_CONVERSION = YES;
				CLANG_WARN_OBJC_ROOT_CLASS = YES_ERROR;
				CLANG_WARN_QUOTED_INCLUDE_IN_FRAMEWORK_HEADER = YES;
				CLANG_WARN_RANGE_LOOP_ANALYSIS = YES;
				CLANG_WARN_STRICT_PROTOTYPES = YES;
				CLANG_WARN_SUSPICIOUS_MOVE = YES;
				CLANG_WARN_UNGUARDED_AVAILABILITY = YES_AGGRESSIVE;
				CLANG_WARN_UNREACHABLE_CODE = YES;
				CLANG_WARN__DUPLICATE_METHOD_MATCH = YES;
				COPY_PHASE_STRIP = NO;
				DEBUG_INFORMATION_FORMAT = dwarf;
				ENABLE_STRICT_OBJC_MSGSEND = YES;
				ENABLE_TESTABILITY = YES;
				ENABLE_USER_SCRIPT_SANDBOXING = YES;
				GCC_C_LANGUAGE_STANDARD = gnu17;
				GCC_DYNAMIC_NO_PIC = NO;
				GCC_NO_COMMON_BLOCKS = YES;
				GCC_OPTIMIZATION_LEVEL = 0;
				GCC_PREPROCESSOR_DEFINITIONS = (
					"DEBUG=1",
					"$(inherited)",
				);
				GCC_WARN_64_TO_32_BIT_CONVERSION = YES;
				GCC_WARN_ABOUT_RETURN_TYPE = YES_ERROR;
				GCC_WARN_UNDECLARED_SELECTOR = YES;
				GCC_WARN_UNINITIALIZED_AUTOS = YES_AGGRESSIVE;
				GCC_WARN_UNUSED_FUNCTION = YES;
				GCC_WARN_UNUSED_VARIABLE = YES;
				LOCALIZATION_PREFERS_STRING_CATALOGS = YES;
				MTL_ENABLE_DEBUG_INFO = INCLUDE_SOURCE;
				MTL_FAST_MATH = YES;
				ONLY_ACTIVE_ARCH = YES;
				SDKROOT = xros;
				SWIFT_ACTIVE_COMPILATION_CONDITIONS = "DEBUG $(inherited)";
				SWIFT_OPTIMIZATION_LEVEL = "-Onone";
				XROS_DEPLOYMENT_TARGET = 2.2;
			};
			name = Debug;
		};
		49EF94CD2D5457C5005D6FC8 /* Release */ = {
			isa = XCBuildConfiguration;
			buildSettings = {
				ALWAYS_SEARCH_USER_PATHS = NO;
				ASSETCATALOG_COMPILER_GENERATE_SWIFT_ASSET_SYMBOL_EXTENSIONS = YES;
				CLANG_ANALYZER_NONNULL = YES;
				CLANG_ANALYZER_NUMBER_OBJECT_CONVERSION = YES_AGGRESSIVE;
				CLANG_CXX_LANGUAGE_STANDARD = "gnu++20";
				CLANG_ENABLE_MODULES = YES;
				CLANG_ENABLE_OBJC_ARC = YES;
				CLANG_ENABLE_OBJC_WEAK = YES;
				CLANG_WARN_BLOCK_CAPTURE_AUTORELEASING = YES;
				CLANG_WARN_BOOL_CONVERSION = YES;
				CLANG_WARN_COMMA = YES;
				CLANG_WARN_CONSTANT_CONVERSION = YES;
				CLANG_WARN_DEPRECATED_OBJC_IMPLEMENTATIONS = YES;
				CLANG_WARN_DIRECT_OBJC_ISA_USAGE = YES_ERROR;
				CLANG_WARN_DOCUMENTATION_COMMENTS = YES;
				CLANG_WARN_EMPTY_BODY = YES;
				CLANG_WARN_ENUM_CONVERSION = YES;
				CLANG_WARN_INFINITE_RECURSION = YES;
				CLANG_WARN_INT_CONVERSION = YES;
				CLANG_WARN_NON_LITERAL_NULL_CONVERSION = YES;
				CLANG_WARN_OBJC_IMPLICIT_RETAIN_SELF = YES;
				CLANG_WARN_OBJC_LITERAL_CONVERSION = YES;
				CLANG_WARN_OBJC_ROOT_CLASS = YES_ERROR;
				CLANG_WARN_QUOTED_INCLUDE_IN_FRAMEWORK_HEADER = YES;
				CLANG_WARN_RANGE_LOOP_ANALYSIS = YES;
				CLANG_WARN_STRICT_PROTOTYPES = YES;
				CLANG_WARN_SUSPICIOUS_MOVE = YES;
				CLANG_WARN_UNGUARDED_AVAILABILITY = YES_AGGRESSIVE;
				CLANG_WARN_UNREACHABLE_CODE = YES;
				CLANG_WARN__DUPLICATE_METHOD_MATCH = YES;
				COPY_PHASE_STRIP = NO;
				DEBUG_INFORMATION_FORMAT = "dwarf-with-dsym";
				ENABLE_NS_ASSERTIONS = NO;
				ENABLE_STRICT_OBJC_MSGSEND = YES;
				ENABLE_USER_SCRIPT_SANDBOXING = YES;
				GCC_C_LANGUAGE_STANDARD = gnu17;
				GCC_NO_COMMON_BLOCKS = YES;
				GCC_WARN_64_TO_32_BIT_CONVERSION = YES;
				GCC_WARN_ABOUT_RETURN_TYPE = YES_ERROR;
				GCC_WARN_UNDECLARED_SELECTOR = YES;
				GCC_WARN_UNINITIALIZED_AUTOS = YES_AGGRESSIVE;
				GCC_WARN_UNUSED_FUNCTION = YES;
				GCC_WARN_UNUSED_VARIABLE = YES;
				LOCALIZATION_PREFERS_STRING_CATALOGS = YES;
				MTL_ENABLE_DEBUG_INFO = NO;
				MTL_FAST_MATH = YES;
				SDKROOT = xros;
				SWIFT_COMPILATION_MODE = wholemodule;
				VALIDATE_PRODUCT = YES;
				XROS_DEPLOYMENT_TARGET = 2.2;
			};
			name = Release;
		};
/* End XCBuildConfiguration section */

/* Begin XCConfigurationList section */
		49EF94AC2D5457C4005D6FC8 /* Build configuration list for PBXProject "VisionGlow" */ = {
			isa = XCConfigurationList;
			buildConfigurations = (
				49EF94CC2D5457C5005D6FC8 /* Debug */,
				49EF94CD2D5457C5005D6FC8 /* Release */,
			);
			defaultConfigurationIsVisible = 0;
			defaultConfigurationName = Release;
		};
		49EF94C92D5457C5005D6FC8 /* Build configuration list for PBXNativeTarget "VisionGlow" */ = {
			isa = XCConfigurationList;
			buildConfigurations = (
				49EF94CA2D5457C5005D6FC8 /* Debug */,
				49EF94CB2D5457C5005D6FC8 /* Release */,
			);
			defaultConfigurationIsVisible = 0;
			defaultConfigurationName = Release;
		};
/* End XCConfigurationList section */

/* Begin XCSwiftPackageProductDependency section */
		49EF94B62D5457C4005D6FC8 /* RealityKitContent */ = {
			isa = XCSwiftPackageProductDependency;
			productName = RealityKitContent;
		};
/* End XCSwiftPackageProductDependency section */
	};
	rootObject = 49EF94A92D5457C4005D6FC8 /* Project object */;
}
